
Microsoft Visual Studio Solution File, Format Version 12.00
# Visual Studio 15
VisualStudioVersion = 15.0.28307.438
MinimumVisualStudioVersion = 10.0.40219.1
Project("{F184B08F-C81C-45F6-A57F-5ABD9991F28F}") = "Bomb Diffuser", "Bomb Diffuser\Bomb Diffuser.vbproj", "{6F4FFDB6-4ACC-429E-BF09-290C0F85EAEC}"
EndProject
Global
	GlobalSection(SolutionConfigurationPlatforms) = preSolution
		Debug|Any CPU = Debug|Any CPU
		Release|Any CPU = Release|Any CPU
	EndGlobalSection
	GlobalSection(ProjectConfigurationPlatforms) = postSolution
		{6F4FFDB6-4ACC-429E-BF09-290C0F85EAEC}.Debug|Any CPU.ActiveCfg = Debug|Any CPU
		{6F4FFDB6-4ACC-429E-BF09-290C0F85EAEC}.Debug|Any CPU.Build.0 = Debug|Any CPU
		{6F4FFDB6-4ACC-429E-BF09-290C0F85EAEC}.Release|Any CPU.ActiveCfg = Release|Any CPU
		{6F4FFDB6-4ACC-429E-BF09-290C0F85EAEC}.Release|Any CPU.Build.0 = Release|Any CPU
	EndGlobalSection
	GlobalSection(SolutionProperties) = preSolution
		HideSolutionNode = FALSE
	EndGlobalSection
	GlobalSection(ExtensibilityGlobals) = postSolution
		SolutionGuid = {DFF552FD-090D-4DF0-B235-930D4B8804D9}
	EndGlobalSection
EndGlobal
